PODS:
  - Flutter (1.0.0)
  - games_services (0.0.1):
    - Flutter

DEPENDENCIES:
  - Flutter (from `Flutter`)
  - games_services (from `.symlinks/plugins/games_services/ios`)

EXTERNAL SOURCES:
  Flutter:
    :path: Flutter
  games_services:
    :path: ".symlinks/plugins/games_services/ios"

SPEC CHECKSUMS:
  Flutter: 50d75fe2f02b26cc09d224853bb45737f8b3214a
  games_services: 6c9a23d55bc6ae0129b24507e008643dcb02f341

PODFILE CHECKSUM: 1d687fa337e018c706d6fe47544322b4937fa8f6

COCOAPODS: 1.10.1
