PODS:
  - Flutter (1.0.0)
  - games_services (4.1.0):
    - Flutter
    - FlutterMacOS

DEPENDENCIES:
  - Flutter (from `Flutter`)
  - games_services (from `.symlinks/plugins/games_services/darwin`)

EXTERNAL SOURCES:
  Flutter:
    :path: Flutter
  games_services:
    :path: ".symlinks/plugins/games_services/darwin"

SPEC CHECKSUMS:
  Flutter: cabc95a1d2626b1b06e7179b784ebcf0c0cde467
  games_services: e25399dbf88c5b8af386acd011f0accb1af57720

PODFILE CHECKSUM: 13f1392a9da0305327530d625c26b4e9c3b78982

COCOAPODS: 1.16.2
