PODS:
  - Flutter (1.0.0)
  - games_services (0.0.1):
    - Flutter
    - FlutterMacOS

DEPENDENCIES:
  - Flutter (from `Flutter`)
  - games_services (from `.symlinks/plugins/games_services/darwin`)

EXTERNAL SOURCES:
  Flutter:
    :path: Flutter
  games_services:
    :path: ".symlinks/plugins/games_services/darwin"

SPEC CHECKSUMS:
  Flutter: e0871f40cf51350855a761d2e70bf5af5b9b5de7
  games_services: 9d174ae29e8de7aa3f511bc00fedd7006594063f

PODFILE CHECKSUM: 3bfddf7ab13b75a4b1b9c5464509c9a6b61241ed

COCOAPODS: 1.16.2
