PODS:
  - Flutter (1.0.0)
  - games_services (0.0.1):
    - Flutter

DEPENDENCIES:
  - Flutter (from `Flutter`)
  - games_services (from `.symlinks/plugins/games_services/ios`)

EXTERNAL SOURCES:
  Flutter:
    :path: Flutter
  games_services:
    :path: ".symlinks/plugins/games_services/ios"

SPEC CHECKSUMS:
  Flutter: 0e3d915762c693b495b44d77113d4970485de6ec
  games_services: 3b31bee07acbbd3c844c619f90026e9f815bf139

PODFILE CHECKSUM: 083258d7f5e80b42ea9bfee905fe93049bc04c64

COCOAPODS: 1.9.0.beta.3
