PODS:
  - FlutterMacOS (1.0.0)
  - games_services (4.1.0):
    - Flutter
    - FlutterMacOS

DEPENDENCIES:
  - FlutterMacOS (from `Flutter/ephemeral`)
  - games_services (from `Flutter/ephemeral/.symlinks/plugins/games_services/darwin`)

EXTERNAL SOURCES:
  FlutterMacOS:
    :path: Flutter/ephemeral
  games_services:
    :path: Flutter/ephemeral/.symlinks/plugins/games_services/darwin

SPEC CHECKSUMS:
  FlutterMacOS: d0db08ddef1a9af05a5ec4b724367152bb0500b1
  games_services: e25399dbf88c5b8af386acd011f0accb1af57720

PODFILE CHECKSUM: 930001046a460e2eabc5bd6ba4e1e8c29018d186

COCOAPODS: 1.16.2
